// !$*UTF8*$!
{
	archiveVersion = 1;
	classes = {
	};
	objectVersion = 56;
	objects = {

/* Begin PBXBuildFile section */
		04263C4B2904C14B0090791E /* SnapshotTesting in Frameworks */ = {isa = PBXBuildFile; productRef = 04263C4A2904C14B0090791E /* SnapshotTesting */; };
		04263C4D2904C1C90090791E /* XCTestCase+AsyncTest.swift in Sources */ = {isa = PBXBuildFile; fileRef = 04263C4C2904C1C90090791E /* XCTestCase+AsyncTest.swift */; };
		04263C502904C2790090791E /* AddLocationViewControllerTests.swift in Sources */ = {isa = PBXBuildFile; fileRef = 04263C4F2904C2790090791E /* AddLocationViewControllerTests.swift */; };
		33166CB228EA384D000ACD6B /* LocationsListRouter.swift in Sources */ = {isa = PBXBuildFile; fileRef = 33166CB128EA384D000ACD6B /* LocationsListRouter.swift */; };
		333AF57728EE21D600CED93E /* WebPhotosRepositoryTests.swift in Sources */ = {isa = PBXBuildFile; fileRef = 333AF56728EE21D500CED93E /* WebPhotosRepositoryTests.swift */; };
		333AF57828EE21D600CED93E /* EmptyPlaceHolderViewTests.swift in Sources */ = {isa = PBXBuildFile; fileRef = 333AF56828EE21D500CED93E /* EmptyPlaceHolderViewTests.swift */; };
		333AF57928EE21D600CED93E /* data.json in Resources */ = {isa = PBXBuildFile; fileRef = 333AF56A28EE21D600CED93E /* data.json */; };
		333AF57A28EE21D600CED93E /* noData.json in Resources */ = {isa = PBXBuildFile; fileRef = 333AF56B28EE21D600CED93E /* noData.json */; };
		333AF57B28EE21D600CED93E /* DataLoader.swift in Sources */ = {isa = PBXBuildFile; fileRef = 333AF56C28EE21D600CED93E /* DataLoader.swift */; };
		333AF57C28EE21D600CED93E /* LocationTests.swift in Sources */ = {isa = PBXBuildFile; fileRef = 333AF56D28EE21D600CED93E /* LocationTests.swift */; };
		333AF57D28EE21D600CED93E /* UserDefaultLocalLocationRepositoryTests.swift in Sources */ = {isa = PBXBuildFile; fileRef = 333AF56E28EE21D600CED93E /* UserDefaultLocalLocationRepositoryTests.swift */; };
		333AF57E28EE21D600CED93E /* UIView+LoadingTests.swift in Sources */ = {isa = PBXBuildFile; fileRef = 333AF56F28EE21D600CED93E /* UIView+LoadingTests.swift */; };
		333AF57F28EE21D600CED93E /* PhotosListPresenterTests.swift in Sources */ = {isa = PBXBuildFile; fileRef = 333AF57028EE21D600CED93E /* PhotosListPresenterTests.swift */; };
		333AF58028EE21D600CED93E /* PhotosListViewControllerTests.swift in Sources */ = {isa = PBXBuildFile; fileRef = 333AF57128EE21D600CED93E /* PhotosListViewControllerTests.swift */; };
		333AF58128EE21D600CED93E /* NetworkTests.swift in Sources */ = {isa = PBXBuildFile; fileRef = 333AF57228EE21D600CED93E /* NetworkTests.swift */; };
		333AF58228EE21D600CED93E /* NetworkMock.swift in Sources */ = {isa = PBXBuildFile; fileRef = 333AF57428EE21D600CED93E /* NetworkMock.swift */; };
		333AF58328EE21D600CED93E /* MockReachability.swift in Sources */ = {isa = PBXBuildFile; fileRef = 333AF57528EE21D600CED93E /* MockReachability.swift */; };
		3397E2B528EA11C600B35755 /* AddLocationBuilder.swift in Sources */ = {isa = PBXBuildFile; fileRef = 3397E2AE28EA11C500B35755 /* AddLocationBuilder.swift */; };
		3397E2B628EA11C600B35755 /* AddLocationPresenter.swift in Sources */ = {isa = PBXBuildFile; fileRef = 3397E2AF28EA11C500B35755 /* AddLocationPresenter.swift */; };
		3397E2B728EA11C600B35755 /* AddLocationViewController.swift in Sources */ = {isa = PBXBuildFile; fileRef = 3397E2B028EA11C500B35755 /* AddLocationViewController.swift */; };
		33BC1DE128F189D800798749 /* AppAppearance.swift in Sources */ = {isa = PBXBuildFile; fileRef = 33BC1DE028F189D800798749 /* AppAppearance.swift */; };
		33BC1DE328F1CC4D00798749 /* UserDefaultsKey.swift in Sources */ = {isa = PBXBuildFile; fileRef = 33BC1DE228F1CC4D00798749 /* UserDefaultsKey.swift */; };
		33CE0A7D28E74D2600B6DC46 /* AppDelegate.swift in Sources */ = {isa = PBXBuildFile; fileRef = 33CE0A7C28E74D2600B6DC46 /* AppDelegate.swift */; };
		33CE0A7F28E74D2600B6DC46 /* SceneDelegate.swift in Sources */ = {isa = PBXBuildFile; fileRef = 33CE0A7E28E74D2600B6DC46 /* SceneDelegate.swift */; };
		33CE0A8628E74D2800B6DC46 /* Assets.xcassets in Resources */ = {isa = PBXBuildFile; fileRef = 33CE0A8528E74D2800B6DC46 /* Assets.xcassets */; };
		33CE0A8928E74D2800B6DC46 /* LaunchScreen.storyboard in Resources */ = {isa = PBXBuildFile; fileRef = 33CE0A8728E74D2800B6DC46 /* LaunchScreen.storyboard */; };
		33CE0AAF28E74D9B00B6DC46 /* Strings.swift in Sources */ = {isa = PBXBuildFile; fileRef = 33CE0AAD28E74D9B00B6DC46 /* Strings.swift */; };
		33CE0AB028E74D9B00B6DC46 /* Localizable.strings in Resources */ = {isa = PBXBuildFile; fileRef = 33CE0AAE28E74D9B00B6DC46 /* Localizable.strings */; };
		33CE0AB828E74DA700B6DC46 /* NotificationName.swift in Sources */ = {isa = PBXBuildFile; fileRef = 33CE0AB228E74DA600B6DC46 /* NotificationName.swift */; };
		33CE0AB928E74DA700B6DC46 /* Reachability.swift in Sources */ = {isa = PBXBuildFile; fileRef = 33CE0AB328E74DA600B6DC46 /* Reachability.swift */; };
		33CE0ABA28E74DA700B6DC46 /* UIView+Loading.swift in Sources */ = {isa = PBXBuildFile; fileRef = 33CE0AB428E74DA600B6DC46 /* UIView+Loading.swift */; };
		33CE0ABC28E74DA700B6DC46 /* UITableView+EmptyState.swift in Sources */ = {isa = PBXBuildFile; fileRef = 33CE0AB628E74DA600B6DC46 /* UITableView+EmptyState.swift */; };
		33CE0ABD28E74DA700B6DC46 /* UITableView+ReusableCell.swift in Sources */ = {isa = PBXBuildFile; fileRef = 33CE0AB728E74DA600B6DC46 /* UITableView+ReusableCell.swift */; };
		33CE0AC028E750EF00B6DC46 /* Location.swift in Sources */ = {isa = PBXBuildFile; fileRef = 33CE0ABF28E750EF00B6DC46 /* Location.swift */; };
		33CE0AC428E754F700B6DC46 /* BasePresenterIO.swift in Sources */ = {isa = PBXBuildFile; fileRef = 33CE0AC228E754F700B6DC46 /* BasePresenterIO.swift */; };
		33CE0AC528E754F700B6DC46 /* CellReusable.swift in Sources */ = {isa = PBXBuildFile; fileRef = 33CE0AC328E754F700B6DC46 /* CellReusable.swift */; };
		33CE0AC828E7558800B6DC46 /* EmptyPlaceHolderView.swift in Sources */ = {isa = PBXBuildFile; fileRef = 33CE0AC728E7558800B6DC46 /* EmptyPlaceHolderView.swift */; };
		33CE0AD228E7559600B6DC46 /* APIClient.swift in Sources */ = {isa = PBXBuildFile; fileRef = 33CE0ACA28E7559600B6DC46 /* APIClient.swift */; };
		33CE0AD328E7559600B6DC46 /* LocalLocationRepository.swift in Sources */ = {isa = PBXBuildFile; fileRef = 33CE0ACC28E7559600B6DC46 /* LocalLocationRepository.swift */; };
		33CE0AD428E7559600B6DC46 /* UserDefault+LocalLocationRepository.swift in Sources */ = {isa = PBXBuildFile; fileRef = 33CE0ACD28E7559600B6DC46 /* UserDefault+LocalLocationRepository.swift */; };
		33CE0AD528E7559600B6DC46 /* WebLocationsRepository.swift in Sources */ = {isa = PBXBuildFile; fileRef = 33CE0ACF28E7559600B6DC46 /* WebLocationsRepository.swift */; };
		33CE0AD628E7559600B6DC46 /* LocationsRepository.swift in Sources */ = {isa = PBXBuildFile; fileRef = 33CE0AD028E7559600B6DC46 /* LocationsRepository.swift */; };
		33CE0AD728E7559600B6DC46 /* APILinksFactory.swift in Sources */ = {isa = PBXBuildFile; fileRef = 33CE0AD128E7559600B6DC46 /* APILinksFactory.swift */; };
		33CE0AE428E755E800B6DC46 /* TableViewSectionType.swift in Sources */ = {isa = PBXBuildFile; fileRef = 33CE0ADB28E755E800B6DC46 /* TableViewSectionType.swift */; };
		33CE0AE528E755E800B6DC46 /* LocationsTableViewDataSource.swift in Sources */ = {isa = PBXBuildFile; fileRef = 33CE0ADC28E755E800B6DC46 /* LocationsTableViewDataSource.swift */; };
		33CE0AE828E755E800B6DC46 /* LocationTableViewCell.swift in Sources */ = {isa = PBXBuildFile; fileRef = 33CE0AE028E755E800B6DC46 /* LocationTableViewCell.swift */; };
		33CE0AE928E755E800B6DC46 /* LocationsListBuilder.swift in Sources */ = {isa = PBXBuildFile; fileRef = 33CE0AE128E755E800B6DC46 /* LocationsListBuilder.swift */; };
		33CE0AEA28E755E800B6DC46 /* LocationsListPresenter.swift in Sources */ = {isa = PBXBuildFile; fileRef = 33CE0AE228E755E800B6DC46 /* LocationsListPresenter.swift */; };
		33CE0AEB28E755E800B6DC46 /* LocationsListViewController.swift in Sources */ = {isa = PBXBuildFile; fileRef = 33CE0AE328E755E800B6DC46 /* LocationsListViewController.swift */; };
		33CE0AF128E758EA00B6DC46 /* EntryPoint.swift in Sources */ = {isa = PBXBuildFile; fileRef = 33CE0AED28E758EA00B6DC46 /* EntryPoint.swift */; };
		33CE0AF328E758EA00B6DC46 /* LocationsListError.swift in Sources */ = {isa = PBXBuildFile; fileRef = 33CE0AEF28E758EA00B6DC46 /* LocationsListError.swift */; };
		33CE0AF728E7816300B6DC46 /* SwiftMessages in Frameworks */ = {isa = PBXBuildFile; productRef = 33CE0AF628E7816300B6DC46 /* SwiftMessages */; };
		33CE0AFA28E7AA2C00B6DC46 /* GeneralTableHeader.swift in Sources */ = {isa = PBXBuildFile; fileRef = 33CE0AF928E7AA2C00B6DC46 /* GeneralTableHeader.swift */; };
/* End PBXBuildFile section */

/* Begin PBXContainerItemProxy section */
		33CE0A9028E74D2900B6DC46 /* PBXContainerItemProxy */ = {
			isa = PBXContainerItemProxy;
			containerPortal = 33CE0A7128E74D2600B6DC46 /* Project object */;
			proxyType = 1;
			remoteGlobalIDString = 33CE0A7828E74D2600B6DC46;
			remoteInfo = LocationsList;
		};
/* End PBXContainerItemProxy section */

/* Begin PBXFileReference section */
		04263C4C2904C1C90090791E /* XCTestCase+AsyncTest.swift */ = {isa = PBXFileReference; lastKnownFileType = sourcecode.swift; path = "XCTestCase+AsyncTest.swift"; sourceTree = "<group>"; };
		04263C4F2904C2790090791E /* AddLocationViewControllerTests.swift */ = {isa = PBXFileReference; lastKnownFileType = sourcecode.swift; path = AddLocationViewControllerTests.swift; sourceTree = "<group>"; };
		33166CB128EA384D000ACD6B /* LocationsListRouter.swift */ = {isa = PBXFileReference; fileEncoding = 4; lastKnownFileType = sourcecode.swift; path = LocationsListRouter.swift; sourceTree = "<group>"; };
		333AF56728EE21D500CED93E /* WebPhotosRepositoryTests.swift */ = {isa = PBXFileReference; fileEncoding = 4; lastKnownFileType = sourcecode.swift; path = WebPhotosRepositoryTests.swift; sourceTree = "<group>"; };
		333AF56828EE21D500CED93E /* EmptyPlaceHolderViewTests.swift */ = {isa = PBXFileReference; fileEncoding = 4; lastKnownFileType = sourcecode.swift; path = EmptyPlaceHolderViewTests.swift; sourceTree = "<group>"; };
		333AF56A28EE21D600CED93E /* data.json */ = {isa = PBXFileReference; fileEncoding = 4; lastKnownFileType = text.json; path = data.json; sourceTree = "<group>"; };
		333AF56B28EE21D600CED93E /* noData.json */ = {isa = PBXFileReference; fileEncoding = 4; lastKnownFileType = text.json; path = noData.json; sourceTree = "<group>"; };
		333AF56C28EE21D600CED93E /* DataLoader.swift */ = {isa = PBXFileReference; fileEncoding = 4; lastKnownFileType = sourcecode.swift; path = DataLoader.swift; sourceTree = "<group>"; };
		333AF56D28EE21D600CED93E /* LocationTests.swift */ = {isa = PBXFileReference; fileEncoding = 4; lastKnownFileType = sourcecode.swift; path = LocationTests.swift; sourceTree = "<group>"; };
		333AF56E28EE21D600CED93E /* UserDefaultLocalLocationRepositoryTests.swift */ = {isa = PBXFileReference; fileEncoding = 4; lastKnownFileType = sourcecode.swift; path = UserDefaultLocalLocationRepositoryTests.swift; sourceTree = "<group>"; };
		333AF56F28EE21D600CED93E /* UIView+LoadingTests.swift */ = {isa = PBXFileReference; fileEncoding = 4; lastKnownFileType = sourcecode.swift; path = "UIView+LoadingTests.swift"; sourceTree = "<group>"; };
		333AF57028EE21D600CED93E /* PhotosListPresenterTests.swift */ = {isa = PBXFileReference; fileEncoding = 4; lastKnownFileType = sourcecode.swift; path = PhotosListPresenterTests.swift; sourceTree = "<group>"; };
		333AF57128EE21D600CED93E /* PhotosListViewControllerTests.swift */ = {isa = PBXFileReference; fileEncoding = 4; lastKnownFileType = sourcecode.swift; path = PhotosListViewControllerTests.swift; sourceTree = "<group>"; };
		333AF57228EE21D600CED93E /* NetworkTests.swift */ = {isa = PBXFileReference; fileEncoding = 4; lastKnownFileType = sourcecode.swift; path = NetworkTests.swift; sourceTree = "<group>"; };
		333AF57428EE21D600CED93E /* NetworkMock.swift */ = {isa = PBXFileReference; fileEncoding = 4; lastKnownFileType = sourcecode.swift; path = NetworkMock.swift; sourceTree = "<group>"; };
		333AF57528EE21D600CED93E /* MockReachability.swift */ = {isa = PBXFileReference; fileEncoding = 4; lastKnownFileType = sourcecode.swift; path = MockReachability.swift; sourceTree = "<group>"; };
		3397E2AE28EA11C500B35755 /* AddLocationBuilder.swift */ = {isa = PBXFileReference; fileEncoding = 4; lastKnownFileType = sourcecode.swift; path = AddLocationBuilder.swift; sourceTree = "<group>"; };
		3397E2AF28EA11C500B35755 /* AddLocationPresenter.swift */ = {isa = PBXFileReference; fileEncoding = 4; lastKnownFileType = sourcecode.swift; path = AddLocationPresenter.swift; sourceTree = "<group>"; };
		3397E2B028EA11C500B35755 /* AddLocationViewController.swift */ = {isa = PBXFileReference; fileEncoding = 4; lastKnownFileType = sourcecode.swift; path = AddLocationViewController.swift; sourceTree = "<group>"; };
		33BC1DE028F189D800798749 /* AppAppearance.swift */ = {isa = PBXFileReference; fileEncoding = 4; lastKnownFileType = sourcecode.swift; path = AppAppearance.swift; sourceTree = "<group>"; };
		33BC1DE228F1CC4D00798749 /* UserDefaultsKey.swift */ = {isa = PBXFileReference; lastKnownFileType = sourcecode.swift; path = UserDefaultsKey.swift; sourceTree = "<group>"; };
		33CE0A7928E74D2600B6DC46 /* LocationsList.app */ = {isa = PBXFileReference; explicitFileType = wrapper.application; includeInIndex = 0; path = LocationsList.app; sourceTree = BUILT_PRODUCTS_DIR; };
		33CE0A7C28E74D2600B6DC46 /* AppDelegate.swift */ = {isa = PBXFileReference; lastKnownFileType = sourcecode.swift; path = AppDelegate.swift; sourceTree = "<group>"; };
		33CE0A7E28E74D2600B6DC46 /* SceneDelegate.swift */ = {isa = PBXFileReference; lastKnownFileType = sourcecode.swift; path = SceneDelegate.swift; sourceTree = "<group>"; };
		33CE0A8528E74D2800B6DC46 /* Assets.xcassets */ = {isa = PBXFileReference; lastKnownFileType = folder.assetcatalog; path = Assets.xcassets; sourceTree = "<group>"; };
		33CE0A8828E74D2800B6DC46 /* Base */ = {isa = PBXFileReference; lastKnownFileType = file.storyboard; name = Base; path = Base.lproj/LaunchScreen.storyboard; sourceTree = "<group>"; };
		33CE0A8A28E74D2800B6DC46 /* Info.plist */ = {isa = PBXFileReference; lastKnownFileType = text.plist.xml; path = Info.plist; sourceTree = "<group>"; };
		33CE0A8F28E74D2900B6DC46 /* LocationsListTests.xctest */ = {isa = PBXFileReference; explicitFileType = wrapper.cfbundle; includeInIndex = 0; path = LocationsListTests.xctest; sourceTree = BUILT_PRODUCTS_DIR; };
		33CE0AAD28E74D9B00B6DC46 /* Strings.swift */ = {isa = PBXFileReference; fileEncoding = 4; lastKnownFileType = sourcecode.swift; path = Strings.swift; sourceTree = "<group>"; };
		33CE0AAE28E74D9B00B6DC46 /* Localizable.strings */ = {isa = PBXFileReference; fileEncoding = 4; lastKnownFileType = text.plist.strings; path = Localizable.strings; sourceTree = "<group>"; };
		33CE0AB228E74DA600B6DC46 /* NotificationName.swift */ = {isa = PBXFileReference; fileEncoding = 4; lastKnownFileType = sourcecode.swift; path = NotificationName.swift; sourceTree = "<group>"; };
		33CE0AB328E74DA600B6DC46 /* Reachability.swift */ = {isa = PBXFileReference; fileEncoding = 4; lastKnownFileType = sourcecode.swift; path = Reachability.swift; sourceTree = "<group>"; };
		33CE0AB428E74DA600B6DC46 /* UIView+Loading.swift */ = {isa = PBXFileReference; fileEncoding = 4; lastKnownFileType = sourcecode.swift; path = "UIView+Loading.swift"; sourceTree = "<group>"; };
		33CE0AB628E74DA600B6DC46 /* UITableView+EmptyState.swift */ = {isa = PBXFileReference; fileEncoding = 4; lastKnownFileType = sourcecode.swift; path = "UITableView+EmptyState.swift"; sourceTree = "<group>"; };
		33CE0AB728E74DA600B6DC46 /* UITableView+ReusableCell.swift */ = {isa = PBXFileReference; fileEncoding = 4; lastKnownFileType = sourcecode.swift; path = "UITableView+ReusableCell.swift"; sourceTree = "<group>"; };
		33CE0ABF28E750EF00B6DC46 /* Location.swift */ = {isa = PBXFileReference; lastKnownFileType = sourcecode.swift; path = Location.swift; sourceTree = "<group>"; };
		33CE0AC228E754F700B6DC46 /* BasePresenterIO.swift */ = {isa = PBXFileReference; fileEncoding = 4; lastKnownFileType = sourcecode.swift; path = BasePresenterIO.swift; sourceTree = "<group>"; };
		33CE0AC328E754F700B6DC46 /* CellReusable.swift */ = {isa = PBXFileReference; fileEncoding = 4; lastKnownFileType = sourcecode.swift; path = CellReusable.swift; sourceTree = "<group>"; };
		33CE0AC728E7558800B6DC46 /* EmptyPlaceHolderView.swift */ = {isa = PBXFileReference; fileEncoding = 4; lastKnownFileType = sourcecode.swift; path = EmptyPlaceHolderView.swift; sourceTree = "<group>"; };
		33CE0ACA28E7559600B6DC46 /* APIClient.swift */ = {isa = PBXFileReference; fileEncoding = 4; lastKnownFileType = sourcecode.swift; path = APIClient.swift; sourceTree = "<group>"; };
		33CE0ACC28E7559600B6DC46 /* LocalLocationRepository.swift */ = {isa = PBXFileReference; fileEncoding = 4; lastKnownFileType = sourcecode.swift; path = LocalLocationRepository.swift; sourceTree = "<group>"; };
		33CE0ACD28E7559600B6DC46 /* UserDefault+LocalLocationRepository.swift */ = {isa = PBXFileReference; fileEncoding = 4; lastKnownFileType = sourcecode.swift; path = "UserDefault+LocalLocationRepository.swift"; sourceTree = "<group>"; };
		33CE0ACF28E7559600B6DC46 /* WebLocationsRepository.swift */ = {isa = PBXFileReference; fileEncoding = 4; lastKnownFileType = sourcecode.swift; path = WebLocationsRepository.swift; sourceTree = "<group>"; };
		33CE0AD028E7559600B6DC46 /* LocationsRepository.swift */ = {isa = PBXFileReference; fileEncoding = 4; lastKnownFileType = sourcecode.swift; path = LocationsRepository.swift; sourceTree = "<group>"; };
		33CE0AD128E7559600B6DC46 /* APILinksFactory.swift */ = {isa = PBXFileReference; fileEncoding = 4; lastKnownFileType = sourcecode.swift; path = APILinksFactory.swift; sourceTree = "<group>"; };
		33CE0ADB28E755E800B6DC46 /* TableViewSectionType.swift */ = {isa = PBXFileReference; fileEncoding = 4; lastKnownFileType = sourcecode.swift; path = TableViewSectionType.swift; sourceTree = "<group>"; };
		33CE0ADC28E755E800B6DC46 /* LocationsTableViewDataSource.swift */ = {isa = PBXFileReference; fileEncoding = 4; lastKnownFileType = sourcecode.swift; path = LocationsTableViewDataSource.swift; sourceTree = "<group>"; };
		33CE0AE028E755E800B6DC46 /* LocationTableViewCell.swift */ = {isa = PBXFileReference; fileEncoding = 4; lastKnownFileType = sourcecode.swift; path = LocationTableViewCell.swift; sourceTree = "<group>"; };
		33CE0AE128E755E800B6DC46 /* LocationsListBuilder.swift */ = {isa = PBXFileReference; fileEncoding = 4; lastKnownFileType = sourcecode.swift; path = LocationsListBuilder.swift; sourceTree = "<group>"; };
		33CE0AE228E755E800B6DC46 /* LocationsListPresenter.swift */ = {isa = PBXFileReference; fileEncoding = 4; lastKnownFileType = sourcecode.swift; path = LocationsListPresenter.swift; sourceTree = "<group>"; };
		33CE0AE328E755E800B6DC46 /* LocationsListViewController.swift */ = {isa = PBXFileReference; fileEncoding = 4; lastKnownFileType = sourcecode.swift; path = LocationsListViewController.swift; sourceTree = "<group>"; };
		33CE0AED28E758EA00B6DC46 /* EntryPoint.swift */ = {isa = PBXFileReference; fileEncoding = 4; lastKnownFileType = sourcecode.swift; path = EntryPoint.swift; sourceTree = "<group>"; };
		33CE0AEF28E758EA00B6DC46 /* LocationsListError.swift */ = {isa = PBXFileReference; fileEncoding = 4; lastKnownFileType = sourcecode.swift; path = LocationsListError.swift; sourceTree = "<group>"; };
		33CE0AF928E7AA2C00B6DC46 /* GeneralTableHeader.swift */ = {isa = PBXFileReference; fileEncoding = 4; lastKnownFileType = sourcecode.swift; path = GeneralTableHeader.swift; sourceTree = "<group>"; };
/* End PBXFileReference section */

/* Begin PBXFrameworksBuildPhase section */
		33CE0A7628E74D2600B6DC46 /* Frameworks */ = {
			isa = PBXFrameworksBuildPhase;
			buildActionMask = 2147483647;
			files = (
				33CE0AF728E7816300B6DC46 /* SwiftMessages in Frameworks */,
			);
			runOnlyForDeploymentPostprocessing = 0;
		};
		33CE0A8C28E74D2900B6DC46 /* Frameworks */ = {
			isa = PBXFrameworksBuildPhase;
			buildActionMask = 2147483647;
			files = (
				04263C4B2904C14B0090791E /* SnapshotTesting in Frameworks */,
			);
			runOnlyForDeploymentPostprocessing = 0;
		};
/* End PBXFrameworksBuildPhase section */

/* Begin PBXGroup section */
		04263C442903E0EB0090791E /* Frameworks */ = {
			isa = PBXGroup;
			children = (
			);
			name = Frameworks;
			sourceTree = "<group>";
		};
		04263C4E2904C2700090791E /* SnapshotTests */ = {
			isa = PBXGroup;
			children = (
				333AF57128EE21D600CED93E /* PhotosListViewControllerTests.swift */,
				04263C4F2904C2790090791E /* AddLocationViewControllerTests.swift */,
			);
			path = SnapshotTests;
			sourceTree = "<group>";
		};
		333AF56928EE21D600CED93E /* DataLoader */ = {
			isa = PBXGroup;
			children = (
				333AF56A28EE21D600CED93E /* data.json */,
				333AF56B28EE21D600CED93E /* noData.json */,
				333AF56C28EE21D600CED93E /* DataLoader.swift */,
			);
			path = DataLoader;
			sourceTree = "<group>";
		};
		333AF57328EE21D600CED93E /* Mocker */ = {
			isa = PBXGroup;
			children = (
				333AF57428EE21D600CED93E /* NetworkMock.swift */,
				333AF57528EE21D600CED93E /* MockReachability.swift */,
			);
			path = Mocker;
			sourceTree = "<group>";
		};
		3397E2A728EA11C500B35755 /* AddLocation */ = {
			isa = PBXGroup;
			children = (
				3397E2AE28EA11C500B35755 /* AddLocationBuilder.swift */,
				3397E2AF28EA11C500B35755 /* AddLocationPresenter.swift */,
				3397E2B028EA11C500B35755 /* AddLocationViewController.swift */,
			);
			path = AddLocation;
			sourceTree = "<group>";
		};
		33CE0A7028E74D2600B6DC46 = {
			isa = PBXGroup;
			children = (
				33CE0A7B28E74D2600B6DC46 /* LocationsList */,
				33CE0A9228E74D2900B6DC46 /* LocationsListTests */,
				33CE0A7A28E74D2600B6DC46 /* Products */,
				04263C442903E0EB0090791E /* Frameworks */,
			);
			sourceTree = "<group>";
		};
		33CE0A7A28E74D2600B6DC46 /* Products */ = {
			isa = PBXGroup;
			children = (
				33CE0A7928E74D2600B6DC46 /* LocationsList.app */,
				33CE0A8F28E74D2900B6DC46 /* LocationsListTests.xctest */,
			);
			name = Products;
			sourceTree = "<group>";
		};
		33CE0A7B28E74D2600B6DC46 /* LocationsList */ = {
			isa = PBXGroup;
			children = (
				33CE0A7C28E74D2600B6DC46 /* AppDelegate.swift */,
				33CE0A7E28E74D2600B6DC46 /* SceneDelegate.swift */,
				33CE0AEC28E758EA00B6DC46 /* App */,
				33CE0ABE28E750DD00B6DC46 /* Models */,
				33CE0AAC28E74D9B00B6DC46 /* Strings */,
				33CE0AB128E74DA600B6DC46 /* Extension */,
				33CE0AC128E754F700B6DC46 /* Protocol */,
				33CE0AC628E7558800B6DC46 /* SharedViews */,
				33CE0AC928E7559600B6DC46 /* DataAccessLayer */,
				33CE0AD828E755E800B6DC46 /* Scene */,
				33CE0A8528E74D2800B6DC46 /* Assets.xcassets */,
				33CE0A8728E74D2800B6DC46 /* LaunchScreen.storyboard */,
				33CE0A8A28E74D2800B6DC46 /* Info.plist */,
			);
			path = LocationsList;
			sourceTree = "<group>";
		};
		33CE0A9228E74D2900B6DC46 /* LocationsListTests */ = {
			isa = PBXGroup;
			children = (
				333AF56928EE21D600CED93E /* DataLoader */,
				333AF57328EE21D600CED93E /* Mocker */,
				333AF56828EE21D500CED93E /* EmptyPlaceHolderViewTests.swift */,
				333AF57228EE21D600CED93E /* NetworkTests.swift */,
				333AF57028EE21D600CED93E /* PhotosListPresenterTests.swift */,
				04263C4E2904C2700090791E /* SnapshotTests */,
				333AF56D28EE21D600CED93E /* LocationTests.swift */,
				333AF56F28EE21D600CED93E /* UIView+LoadingTests.swift */,
				333AF56E28EE21D600CED93E /* UserDefaultLocalLocationRepositoryTests.swift */,
				333AF56728EE21D500CED93E /* WebPhotosRepositoryTests.swift */,
				04263C4C2904C1C90090791E /* XCTestCase+AsyncTest.swift */,
			);
			path = LocationsListTests;
			sourceTree = "<group>";
		};
		33CE0AAC28E74D9B00B6DC46 /* Strings */ = {
			isa = PBXGroup;
			children = (
				33CE0AAD28E74D9B00B6DC46 /* Strings.swift */,
				33CE0AAE28E74D9B00B6DC46 /* Localizable.strings */,
			);
			path = Strings;
			sourceTree = "<group>";
		};
		33CE0AB128E74DA600B6DC46 /* Extension */ = {
			isa = PBXGroup;
			children = (
				33CE0AB228E74DA600B6DC46 /* NotificationName.swift */,
				33CE0AB328E74DA600B6DC46 /* Reachability.swift */,
				33CE0AB428E74DA600B6DC46 /* UIView+Loading.swift */,
				33CE0AB628E74DA600B6DC46 /* UITableView+EmptyState.swift */,
				33CE0AB728E74DA600B6DC46 /* UITableView+ReusableCell.swift */,
				33BC1DE228F1CC4D00798749 /* UserDefaultsKey.swift */,
			);
			path = Extension;
			sourceTree = "<group>";
		};
		33CE0ABE28E750DD00B6DC46 /* Models */ = {
			isa = PBXGroup;
			children = (
				33CE0ABF28E750EF00B6DC46 /* Location.swift */,
			);
			path = Models;
			sourceTree = "<group>";
		};
		33CE0AC128E754F700B6DC46 /* Protocol */ = {
			isa = PBXGroup;
			children = (
				33CE0AC228E754F700B6DC46 /* BasePresenterIO.swift */,
				33CE0AC328E754F700B6DC46 /* CellReusable.swift */,
			);
			path = Protocol;
			sourceTree = "<group>";
		};
		33CE0AC628E7558800B6DC46 /* SharedViews */ = {
			isa = PBXGroup;
			children = (
				33CE0AC728E7558800B6DC46 /* EmptyPlaceHolderView.swift */,
			);
			path = SharedViews;
			sourceTree = "<group>";
		};
		33CE0AC928E7559600B6DC46 /* DataAccessLayer */ = {
			isa = PBXGroup;
			children = (
				33CE0ACA28E7559600B6DC46 /* APIClient.swift */,
				33CE0ACB28E7559600B6DC46 /* LocalLocationRepository */,
				33CE0ACE28E7559600B6DC46 /* PhotosRepository */,
				33CE0AD128E7559600B6DC46 /* APILinksFactory.swift */,
			);
			path = DataAccessLayer;
			sourceTree = "<group>";
		};
		33CE0ACB28E7559600B6DC46 /* LocalLocationRepository */ = {
			isa = PBXGroup;
			children = (
				33CE0ACC28E7559600B6DC46 /* LocalLocationRepository.swift */,
				33CE0ACD28E7559600B6DC46 /* UserDefault+LocalLocationRepository.swift */,
			);
			path = LocalLocationRepository;
			sourceTree = "<group>";
		};
		33CE0ACE28E7559600B6DC46 /* PhotosRepository */ = {
			isa = PBXGroup;
			children = (
				33CE0ACF28E7559600B6DC46 /* WebLocationsRepository.swift */,
				33CE0AD028E7559600B6DC46 /* LocationsRepository.swift */,
			);
			path = PhotosRepository;
			sourceTree = "<group>";
		};
		33CE0AD828E755E800B6DC46 /* Scene */ = {
			isa = PBXGroup;
			children = (
				33CE0AD928E755E800B6DC46 /* LocationsList */,
				3397E2A728EA11C500B35755 /* AddLocation */,
			);
			path = Scene;
			sourceTree = "<group>";
		};
		33CE0AD928E755E800B6DC46 /* LocationsList */ = {
			isa = PBXGroup;
			children = (
				33CE0ADA28E755E800B6DC46 /* DataSource */,
				33CE0ADD28E755E800B6DC46 /* Cells */,
				33CE0AE128E755E800B6DC46 /* LocationsListBuilder.swift */,
				33166CB128EA384D000ACD6B /* LocationsListRouter.swift */,
				33CE0AE228E755E800B6DC46 /* LocationsListPresenter.swift */,
				33CE0AE328E755E800B6DC46 /* LocationsListViewController.swift */,
			);
			path = LocationsList;
			sourceTree = "<group>";
		};
		33CE0ADA28E755E800B6DC46 /* DataSource */ = {
			isa = PBXGroup;
			children = (
				33CE0ADB28E755E800B6DC46 /* TableViewSectionType.swift */,
				33CE0ADC28E755E800B6DC46 /* LocationsTableViewDataSource.swift */,
			);
			path = DataSource;
			sourceTree = "<group>";
		};
		33CE0ADD28E755E800B6DC46 /* Cells */ = {
			isa = PBXGroup;
			children = (
				33CE0AF928E7AA2C00B6DC46 /* GeneralTableHeader.swift */,
				33CE0AE028E755E800B6DC46 /* LocationTableViewCell.swift */,
			);
			path = Cells;
			sourceTree = "<group>";
		};
		33CE0AEC28E758EA00B6DC46 /* App */ = {
			isa = PBXGroup;
			children = (
				33BC1DE028F189D800798749 /* AppAppearance.swift */,
				33CE0AED28E758EA00B6DC46 /* EntryPoint.swift */,
				33CE0AEF28E758EA00B6DC46 /* LocationsListError.swift */,
			);
			path = App;
			sourceTree = "<group>";
		};
/* End PBXGroup section */

/* Begin PBXNativeTarget section */
		33CE0A7828E74D2600B6DC46 /* LocationsList */ = {
			isa = PBXNativeTarget;
			buildConfigurationList = 33CE0AA328E74D2900B6DC46 /* Build configuration list for PBXNativeTarget "LocationsList" */;
			buildPhases = (
				33CE0A7528E74D2600B6DC46 /* Sources */,
				33CE0A7628E74D2600B6DC46 /* Frameworks */,
				33CE0A7728E74D2600B6DC46 /* Resources */,
				33BC1DE428F1CD4100798749 /* ShellScript */,
			);
			buildRules = (
			);
			dependencies = (
			);
			name = LocationsList;
			packageProductDependencies = (
				33CE0AF628E7816300B6DC46 /* SwiftMessages */,
			);
			productName = LocationsList;
			productReference = 33CE0A7928E74D2600B6DC46 /* LocationsList.app */;
			productType = "com.apple.product-type.application";
		};
		33CE0A8E28E74D2900B6DC46 /* LocationsListTests */ = {
			isa = PBXNativeTarget;
			buildConfigurationList = 33CE0AA628E74D2900B6DC46 /* Build configuration list for PBXNativeTarget "LocationsListTests" */;
			buildPhases = (
				33CE0A8B28E74D2900B6DC46 /* Sources */,
				33CE0A8C28E74D2900B6DC46 /* Frameworks */,
				33CE0A8D28E74D2900B6DC46 /* Resources */,
			);
			buildRules = (
			);
			dependencies = (
				33CE0A9128E74D2900B6DC46 /* PBXTargetDependency */,
			);
			name = LocationsListTests;
			packageProductDependencies = (
				04263C4A2904C14B0090791E /* SnapshotTesting */,
			);
			productName = LocationsListTests;
			productReference = 33CE0A8F28E74D2900B6DC46 /* LocationsListTests.xctest */;
			productType = "com.apple.product-type.bundle.unit-test";
		};
/* End PBXNativeTarget section */

/* Begin PBXProject section */
		33CE0A7128E74D2600B6DC46 /* Project object */ = {
			isa = PBXProject;
			attributes = {
				BuildIndependentTargetsInParallel = 1;
				LastSwiftUpdateCheck = 1400;
				LastUpgradeCheck = 1400;
				TargetAttributes = {
					33CE0A7828E74D2600B6DC46 = {
						CreatedOnToolsVersion = 14.0.1;
					};
					33CE0A8E28E74D2900B6DC46 = {
						CreatedOnToolsVersion = 14.0.1;
						TestTargetID = 33CE0A7828E74D2600B6DC46;
					};
				};
			};
			buildConfigurationList = 33CE0A7428E74D2600B6DC46 /* Build configuration list for PBXProject "LocationsList" */;
			compatibilityVersion = "Xcode 14.0";
			developmentRegion = en;
			hasScannedForEncodings = 0;
			knownRegions = (
				en,
				Base,
			);
			mainGroup = 33CE0A7028E74D2600B6DC46;
			packageReferences = (
				33CE0AF528E7816300B6DC46 /* XCRemoteSwiftPackageReference "SwiftMessages" */,
				04263C492904C14B0090791E /* XCRemoteSwiftPackageReference "swift-snapshot-testing" */,
			);
			productRefGroup = 33CE0A7A28E74D2600B6DC46 /* Products */;
			projectDirPath = "";
			projectRoot = "";
			targets = (
				33CE0A7828E74D2600B6DC46 /* LocationsList */,
				33CE0A8E28E74D2900B6DC46 /* LocationsListTests */,
			);
		};
/* End PBXProject section */

/* Begin PBXResourcesBuildPhase section */
		33CE0A7728E74D2600B6DC46 /* Resources */ = {
			isa = PBXResourcesBuildPhase;
			buildActionMask = 2147483647;
			files = (
				33CE0A8928E74D2800B6DC46 /* LaunchScreen.storyboard in Resources */,
				33CE0AB028E74D9B00B6DC46 /* Localizable.strings in Resources */,
				33CE0A8628E74D2800B6DC46 /* Assets.xcassets in Resources */,
			);
			runOnlyForDeploymentPostprocessing = 0;
		};
		33CE0A8D28E74D2900B6DC46 /* Resources */ = {
			isa = PBXResourcesBuildPhase;
			buildActionMask = 2147483647;
			files = (
				333AF57A28EE21D600CED93E /* noData.json in Resources */,
				333AF57928EE21D600CED93E /* data.json in Resources */,
			);
			runOnlyForDeploymentPostprocessing = 0;
		};
/* End PBXResourcesBuildPhase section */

/* Begin PBXShellScriptBuildPhase section */
		33BC1DE428F1CD4100798749 /* ShellScript */ = {
			isa = PBXShellScriptBuildPhase;
			buildActionMask = 2147483647;
			files = (
			);
			inputFileListPaths = (
			);
			inputPaths = (
			);
			outputFileListPaths = (
			);
			outputPaths = (
			);
			runOnlyForDeploymentPostprocessing = 0;
			shellPath = /bin/sh;
			shellScript = "export PATH=\"$PATH:/opt/homebrew/bin\"\nif which swiftlint > /dev/null; then\n  swiftlint\nelse\n  echo \"warning: SwiftLint not installed, download from https://github.com/realm/SwiftLint\"\nfi\n";
		};
/* End PBXShellScriptBuildPhase section */

/* Begin PBXSourcesBuildPhase section */
		33CE0A7528E74D2600B6DC46 /* Sources */ = {
			isa = PBXSourcesBuildPhase;
			buildActionMask = 2147483647;
			files = (
				33CE0AD328E7559600B6DC46 /* LocalLocationRepository.swift in Sources */,
				33CE0AC528E754F700B6DC46 /* CellReusable.swift in Sources */,
				33CE0AEA28E755E800B6DC46 /* LocationsListPresenter.swift in Sources */,
				33CE0AC028E750EF00B6DC46 /* Location.swift in Sources */,
				33166CB228EA384D000ACD6B /* LocationsListRouter.swift in Sources */,
				33CE0ABA28E74DA700B6DC46 /* UIView+Loading.swift in Sources */,
				33CE0A7D28E74D2600B6DC46 /* AppDelegate.swift in Sources */,
				33CE0AD428E7559600B6DC46 /* UserDefault+LocalLocationRepository.swift in Sources */,
				33CE0AE428E755E800B6DC46 /* TableViewSectionType.swift in Sources */,
				33CE0AEB28E755E800B6DC46 /* LocationsListViewController.swift in Sources */,
				33CE0ABD28E74DA700B6DC46 /* UITableView+ReusableCell.swift in Sources */,
				33CE0AB928E74DA700B6DC46 /* Reachability.swift in Sources */,
				33CE0AD228E7559600B6DC46 /* APIClient.swift in Sources */,
				33CE0AD728E7559600B6DC46 /* APILinksFactory.swift in Sources */,
				33CE0AE928E755E800B6DC46 /* LocationsListBuilder.swift in Sources */,
				3397E2B628EA11C600B35755 /* AddLocationPresenter.swift in Sources */,
				33CE0AC828E7558800B6DC46 /* EmptyPlaceHolderView.swift in Sources */,
				33CE0AC428E754F700B6DC46 /* BasePresenterIO.swift in Sources */,
				33CE0AFA28E7AA2C00B6DC46 /* GeneralTableHeader.swift in Sources */,
				33CE0AAF28E74D9B00B6DC46 /* Strings.swift in Sources */,
				33CE0AB828E74DA700B6DC46 /* NotificationName.swift in Sources */,
				33CE0AE828E755E800B6DC46 /* LocationTableViewCell.swift in Sources */,
				33CE0AF328E758EA00B6DC46 /* LocationsListError.swift in Sources */,
				33CE0AD528E7559600B6DC46 /* WebLocationsRepository.swift in Sources */,
				33CE0A7F28E74D2600B6DC46 /* SceneDelegate.swift in Sources */,
				33CE0ABC28E74DA700B6DC46 /* UITableView+EmptyState.swift in Sources */,
				3397E2B528EA11C600B35755 /* AddLocationBuilder.swift in Sources */,
				33CE0AE528E755E800B6DC46 /* LocationsTableViewDataSource.swift in Sources */,
				3397E2B728EA11C600B35755 /* AddLocationViewController.swift in Sources */,
				33CE0AF128E758EA00B6DC46 /* EntryPoint.swift in Sources */,
				33CE0AD628E7559600B6DC46 /* LocationsRepository.swift in Sources */,
				33BC1DE328F1CC4D00798749 /* UserDefaultsKey.swift in Sources */,
				33BC1DE128F189D800798749 /* AppAppearance.swift in Sources */,
			);
			runOnlyForDeploymentPostprocessing = 0;
		};
		33CE0A8B28E74D2900B6DC46 /* Sources */ = {
			isa = PBXSourcesBuildPhase;
			buildActionMask = 2147483647;
			files = (
				333AF58328EE21D600CED93E /* MockReachability.swift in Sources */,
				04263C4D2904C1C90090791E /* XCTestCase+AsyncTest.swift in Sources */,
				333AF57B28EE21D600CED93E /* DataLoader.swift in Sources */,
				333AF57E28EE21D600CED93E /* UIView+LoadingTests.swift in Sources */,
				333AF58128EE21D600CED93E /* NetworkTests.swift in Sources */,
				333AF58228EE21D600CED93E /* NetworkMock.swift in Sources */,
				333AF57D28EE21D600CED93E /* UserDefaultLocalLocationRepositoryTests.swift in Sources */,
				333AF57828EE21D600CED93E /* EmptyPlaceHolderViewTests.swift in Sources */,
				333AF57C28EE21D600CED93E /* LocationTests.swift in Sources */,
				333AF58028EE21D600CED93E /* PhotosListViewControllerTests.swift in Sources */,
				04263C502904C2790090791E /* AddLocationViewControllerTests.swift in Sources */,
				333AF57F28EE21D600CED93E /* PhotosListPresenterTests.swift in Sources */,
				333AF57728EE21D600CED93E /* WebPhotosRepositoryTests.swift in Sources */,
			);
			runOnlyForDeploymentPostprocessing = 0;
		};
/* End PBXSourcesBuildPhase section */

/* Begin PBXTargetDependency section */
		33CE0A9128E74D2900B6DC46 /* PBXTargetDependency */ = {
			isa = PBXTargetDependency;
			target = 33CE0A7828E74D2600B6DC46 /* LocationsList */;
			targetProxy = 33CE0A9028E74D2900B6DC46 /* PBXContainerItemProxy */;
		};
/* End PBXTargetDependency section */

/* Begin PBXVariantGroup section */
		33CE0A8728E74D2800B6DC46 /* LaunchScreen.storyboard */ = {
			isa = PBXVariantGroup;
			children = (
				33CE0A8828E74D2800B6DC46 /* Base */,
			);
			name = LaunchScreen.storyboard;
			sourceTree = "<group>";
		};
/* End PBXVariantGroup section */

/* Begin XCBuildConfiguration section */
		33CE0AA128E74D2900B6DC46 /* Debug */ = {
			isa = XCBuildConfiguration;
			buildSettings = {
				ALWAYS_SEARCH_USER_PATHS = NO;
				CLANG_ANALYZER_NONNULL = YES;
				CLANG_ANALYZER_NUMBER_OBJECT_CONVERSION = YES_AGGRESSIVE;
				CLANG_CXX_LANGUAGE_STANDARD = "gnu++20";
				CLANG_ENABLE_MODULES = YES;
				CLANG_ENABLE_OBJC_ARC = YES;
				CLANG_ENABLE_OBJC_WEAK = YES;
				CLANG_WARN_BLOCK_CAPTURE_AUTORELEASING = YES;
				CLANG_WARN_BOOL_CONVERSION = YES;
				CLANG_WARN_COMMA = YES;
				CLANG_WARN_CONSTANT_CONVERSION = YES;
				CLANG_WARN_DEPRECATED_OBJC_IMPLEMENTATIONS = YES;
				CLANG_WARN_DIRECT_OBJC_ISA_USAGE = YES_ERROR;
				CLANG_WARN_DOCUMENTATION_COMMENTS = YES;
				CLANG_WARN_EMPTY_BODY = YES;
				CLANG_WARN_ENUM_CONVERSION = YES;
				CLANG_WARN_INFINITE_RECURSION = YES;
				CLANG_WARN_INT_CONVERSION = YES;
				CLANG_WARN_NON_LITERAL_NULL_CONVERSION = YES;
				CLANG_WARN_OBJC_IMPLICIT_RETAIN_SELF = YES;
				CLANG_WARN_OBJC_LITERAL_CONVERSION = YES;
				CLANG_WARN_OBJC_ROOT_CLASS = YES_ERROR;
				CLANG_WARN_QUOTED_INCLUDE_IN_FRAMEWORK_HEADER = YES;
				CLANG_WARN_RANGE_LOOP_ANALYSIS = YES;
				CLANG_WARN_STRICT_PROTOTYPES = YES;
				CLANG_WARN_SUSPICIOUS_MOVE = YES;
				CLANG_WARN_UNGUARDED_AVAILABILITY = YES_AGGRESSIVE;
				CLANG_WARN_UNREACHABLE_CODE = YES;
				CLANG_WARN__DUPLICATE_METHOD_MATCH = YES;
				COPY_PHASE_STRIP = NO;
				DEBUG_INFORMATION_FORMAT = dwarf;
				ENABLE_STRICT_OBJC_MSGSEND = YES;
				ENABLE_TESTABILITY = YES;
				GCC_C_LANGUAGE_STANDARD = gnu11;
				GCC_DYNAMIC_NO_PIC = NO;
				GCC_NO_COMMON_BLOCKS = YES;
				GCC_OPTIMIZATION_LEVEL = 0;
				GCC_PREPROCESSOR_DEFINITIONS = (
					"DEBUG=1",
					"$(inherited)",
				);
				GCC_WARN_64_TO_32_BIT_CONVERSION = YES;
				GCC_WARN_ABOUT_RETURN_TYPE = YES_ERROR;
				GCC_WARN_UNDECLARED_SELECTOR = YES;
				GCC_WARN_UNINITIALIZED_AUTOS = YES_AGGRESSIVE;
				GCC_WARN_UNUSED_FUNCTION = YES;
				GCC_WARN_UNUSED_VARIABLE = YES;
				IPHONEOS_DEPLOYMENT_TARGET = 14.0;
				MTL_ENABLE_DEBUG_INFO = INCLUDE_SOURCE;
				MTL_FAST_MATH = YES;
				ONLY_ACTIVE_ARCH = YES;
				SDKROOT = iphoneos;
				SWIFT_ACTIVE_COMPILATION_CONDITIONS = DEBUG;
				SWIFT_OPTIMIZATION_LEVEL = "-Onone";
			};
			name = Debug;
		};
		33CE0AA228E74D2900B6DC46 /* Release */ = {
			isa = XCBuildConfiguration;
			buildSettings = {
				ALWAYS_SEARCH_USER_PATHS = NO;
				CLANG_ANALYZER_NONNULL = YES;
				CLANG_ANALYZER_NUMBER_OBJECT_CONVERSION = YES_AGGRESSIVE;
				CLANG_CXX_LANGUAGE_STANDARD = "gnu++20";
				CLANG_ENABLE_MODULES = YES;
				CLANG_ENABLE_OBJC_ARC = YES;
				CLANG_ENABLE_OBJC_WEAK = YES;
				CLANG_WARN_BLOCK_CAPTURE_AUTORELEASING = YES;
				CLANG_WARN_BOOL_CONVERSION = YES;
				CLANG_WARN_COMMA = YES;
				CLANG_WARN_CONSTANT_CONVERSION = YES;
				CLANG_WARN_DEPRECATED_OBJC_IMPLEMENTATIONS = YES;
				CLANG_WARN_DIRECT_OBJC_ISA_USAGE = YES_ERROR;
				CLANG_WARN_DOCUMENTATION_COMMENTS = YES;
				CLANG_WARN_EMPTY_BODY = YES;
				CLANG_WARN_ENUM_CONVERSION = YES;
				CLANG_WARN_INFINITE_RECURSION = YES;
				CLANG_WARN_INT_CONVERSION = YES;
				CLANG_WARN_NON_LITERAL_NULL_CONVERSION = YES;
				CLANG_WARN_OBJC_IMPLICIT_RETAIN_SELF = YES;
				CLANG_WARN_OBJC_LITERAL_CONVERSION = YES;
				CLANG_WARN_OBJC_ROOT_CLASS = YES_ERROR;
				CLANG_WARN_QUOTED_INCLUDE_IN_FRAMEWORK_HEADER = YES;
				CLANG_WARN_RANGE_LOOP_ANALYSIS = YES;
				CLANG_WARN_STRICT_PROTOTYPES = YES;
				CLANG_WARN_SUSPICIOUS_MOVE = YES;
				CLANG_WARN_UNGUARDED_AVAILABILITY = YES_AGGRESSIVE;
				CLANG_WARN_UNREACHABLE_CODE = YES;
				CLANG_WARN__DUPLICATE_METHOD_MATCH = YES;
				COPY_PHASE_STRIP = NO;
				DEBUG_INFORMATION_FORMAT = "dwarf-with-dsym";
				ENABLE_NS_ASSERTIONS = NO;
				ENABLE_STRICT_OBJC_MSGSEND = YES;
				GCC_C_LANGUAGE_STANDARD = gnu11;
				GCC_NO_COMMON_BLOCKS = YES;
				GCC_WARN_64_TO_32_BIT_CONVERSION = YES;
				GCC_WARN_ABOUT_RETURN_TYPE = YES_ERROR;
				GCC_WARN_UNDECLARED_SELECTOR = YES;
				GCC_WARN_UNINITIALIZED_AUTOS = YES_AGGRESSIVE;
				GCC_WARN_UNUSED_FUNCTION = YES;
				GCC_WARN_UNUSED_VARIABLE = YES;
				IPHONEOS_DEPLOYMENT_TARGET = 14.0;
				MTL_ENABLE_DEBUG_INFO = NO;
				MTL_FAST_MATH = YES;
				SDKROOT = iphoneos;
				SWIFT_COMPILATION_MODE = wholemodule;
				SWIFT_OPTIMIZATION_LEVEL = "-O";
				VALIDATE_PRODUCT = YES;
			};
			name = Release;
		};
		33CE0AA428E74D2900B6DC46 /* Debug */ = {
			isa = XCBuildConfiguration;
			buildSettings = {
				ASSETCATALOG_COMPILER_APPICON_NAME = AppIcon;
				ASSETCATALOG_COMPILER_GLOBAL_ACCENT_COLOR_NAME = AccentColor;
				CODE_SIGN_STYLE = Automatic;
				CURRENT_PROJECT_VERSION = 1;
				DEVELOPMENT_TEAM = VK6D97YNFG;
				GENERATE_INFOPLIST_FILE = YES;
				INFOPLIST_FILE = LocationsList/Info.plist;
				INFOPLIST_KEY_UIApplicationSupportsIndirectInputEvents = YES;
				INFOPLIST_KEY_UILaunchStoryboardName = LaunchScreen;
				INFOPLIST_KEY_UISupportedInterfaceOrientations = UIInterfaceOrientationPortrait;
				INFOPLIST_KEY_UISupportedInterfaceOrientations_iPad = "UIInterfaceOrientationLandscapeLeft UIInterfaceOrientationLandscapeRight UIInterfaceOrientationPortrait UIInterfaceOrientationPortraitUpsideDown";
				LD_RUNPATH_SEARCH_PATHS = (
					"$(inherited)",
					"@executable_path/Frameworks",
				);
				MARKETING_VERSION = 1.0;
				PRODUCT_BUNDLE_IDENTIFIER = dimohamdy.LocationsList;
				PRODUCT_NAME = "$(TARGET_NAME)";
				SWIFT_EMIT_LOC_STRINGS = YES;
				SWIFT_VERSION = 5.0;
				TARGETED_DEVICE_FAMILY = "1,2";
			};
			name = Debug;
		};
		33CE0AA528E74D2900B6DC46 /* Release */ = {
			isa = XCBuildConfiguration;
			buildSettings = {
				ASSETCATALOG_COMPILER_APPICON_NAME = AppIcon;
				ASSETCATALOG_COMPILER_GLOBAL_ACCENT_COLOR_NAME = AccentColor;
				CODE_SIGN_STYLE = Automatic;
				CURRENT_PROJECT_VERSION = 1;
				DEVELOPMENT_TEAM = VK6D97YNFG;
				GENERATE_INFOPLIST_FILE = YES;
				INFOPLIST_FILE = LocationsList/Info.plist;
				INFOPLIST_KEY_UIApplicationSupportsIndirectInputEvents = YES;
				INFOPLIST_KEY_UILaunchStoryboardName = LaunchScreen;
				INFOPLIST_KEY_UISupportedInterfaceOrientations = UIInterfaceOrientationPortrait;
				INFOPLIST_KEY_UISupportedInterfaceOrientations_iPad = "UIInterfaceOrientationLandscapeLeft UIInterfaceOrientationLandscapeRight UIInterfaceOrientationPortrait UIInterfaceOrientationPortraitUpsideDown";
				LD_RUNPATH_SEARCH_PATHS = (
					"$(inherited)",
					"@executable_path/Frameworks",
				);
				MARKETING_VERSION = 1.0;
				PRODUCT_BUNDLE_IDENTIFIER = dimohamdy.LocationsList;
				PRODUCT_NAME = "$(TARGET_NAME)";
				SWIFT_EMIT_LOC_STRINGS = YES;
				SWIFT_VERSION = 5.0;
				TARGETED_DEVICE_FAMILY = "1,2";
			};
			name = Release;
		};
		33CE0AA728E74D2900B6DC46 /* Debug */ = {
			isa = XCBuildConfiguration;
			buildSettings = {
				ALWAYS_EMBED_SWIFT_STANDARD_LIBRARIES = YES;
				BUNDLE_LOADER = "$(TEST_HOST)";
				CODE_SIGN_STYLE = Automatic;
				CURRENT_PROJECT_VERSION = 1;
				DEVELOPMENT_TEAM = VK6D97YNFG;
				GENERATE_INFOPLIST_FILE = YES;
				IPHONEOS_DEPLOYMENT_TARGET = 16.0;
				MARKETING_VERSION = 1.0;
				PRODUCT_BUNDLE_IDENTIFIER = dimohamdy.LocationsListTests;
				PRODUCT_NAME = "$(TARGET_NAME)";
				SWIFT_EMIT_LOC_STRINGS = NO;
				SWIFT_VERSION = 5.0;
				TARGETED_DEVICE_FAMILY = "1,2";
				TEST_HOST = "$(BUILT_PRODUCTS_DIR)/LocationsList.app/$(BUNDLE_EXECUTABLE_FOLDER_PATH)/LocationsList";
			};
			name = Debug;
		};
		33CE0AA828E74D2900B6DC46 /* Release */ = {
			isa = XCBuildConfiguration;
			buildSettings = {
				ALWAYS_EMBED_SWIFT_STANDARD_LIBRARIES = YES;
				BUNDLE_LOADER = "$(TEST_HOST)";
				CODE_SIGN_STYLE = Automatic;
				CURRENT_PROJECT_VERSION = 1;
				DEVELOPMENT_TEAM = VK6D97YNFG;
				GENERATE_INFOPLIST_FILE = YES;
				IPHONEOS_DEPLOYMENT_TARGET = 16.0;
				MARKETING_VERSION = 1.0;
				PRODUCT_BUNDLE_IDENTIFIER = dimohamdy.LocationsListTests;
				PRODUCT_NAME = "$(TARGET_NAME)";
				SWIFT_EMIT_LOC_STRINGS = NO;
				SWIFT_VERSION = 5.0;
				TARGETED_DEVICE_FAMILY = "1,2";
				TEST_HOST = "$(BUILT_PRODUCTS_DIR)/LocationsList.app/$(BUNDLE_EXECUTABLE_FOLDER_PATH)/LocationsList";
			};
			name = Release;
		};
/* End XCBuildConfiguration section */

/* Begin XCConfigurationList section */
		33CE0A7428E74D2600B6DC46 /* Build configuration list for PBXProject "LocationsList" */ = {
			isa = XCConfigurationList;
			buildConfigurations = (
				33CE0AA128E74D2900B6DC46 /* Debug */,
				33CE0AA228E74D2900B6DC46 /* Release */,
			);
			defaultConfigurationIsVisible = 0;
			defaultConfigurationName = Release;
		};
		33CE0AA328E74D2900B6DC46 /* Build configuration list for PBXNativeTarget "LocationsList" */ = {
			isa = XCConfigurationList;
			buildConfigurations = (
				33CE0AA428E74D2900B6DC46 /* Debug */,
				33CE0AA528E74D2900B6DC46 /* Release */,
			);
			defaultConfigurationIsVisible = 0;
			defaultConfigurationName = Release;
		};
		33CE0AA628E74D2900B6DC46 /* Build configuration list for PBXNativeTarget "LocationsListTests" */ = {
			isa = XCConfigurationList;
			buildConfigurations = (
				33CE0AA728E74D2900B6DC46 /* Debug */,
				33CE0AA828E74D2900B6DC46 /* Release */,
			);
			defaultConfigurationIsVisible = 0;
			defaultConfigurationName = Release;
		};
/* End XCConfigurationList section */

/* Begin XCRemoteSwiftPackageReference section */
		04263C492904C14B0090791E /* XCRemoteSwiftPackageReference "swift-snapshot-testing" */ = {
			isa = XCRemoteSwiftPackageReference;
			repositoryURL = "https://github.com/pointfreeco/swift-snapshot-testing";
			requirement = {
				branch = main;
				kind = branch;
			};
		};
		33CE0AF528E7816300B6DC46 /* XCRemoteSwiftPackageReference "SwiftMessages" */ = {
			isa = XCRemoteSwiftPackageReference;
			repositoryURL = "https://github.com/SwiftKickMobile/SwiftMessages";
			requirement = {
				kind = upToNextMajorVersion;
				minimumVersion = 9.0.0;
			};
		};
/* End XCRemoteSwiftPackageReference section */

/* Begin XCSwiftPackageProductDependency section */
		04263C4A2904C14B0090791E /* SnapshotTesting */ = {
			isa = XCSwiftPackageProductDependency;
			package = 04263C492904C14B0090791E /* XCRemoteSwiftPackageReference "swift-snapshot-testing" */;
			productName = SnapshotTesting;
		};
		33CE0AF628E7816300B6DC46 /* SwiftMessages */ = {
			isa = XCSwiftPackageProductDependency;
			package = 33CE0AF528E7816300B6DC46 /* XCRemoteSwiftPackageReference "SwiftMessages" */;
			productName = SwiftMessages;
		};
/* End XCSwiftPackageProductDependency section */
	};
	rootObject = 33CE0A7128E74D2600B6DC46 /* Project object */;
}
